
Microsoft Visual Studio Solution File, Format Version 12.00
# Visual Studio 2013
VisualStudioVersion = 12.0.40629.0
MinimumVisualStudioVersion = 10.0.40219.1
Project("{8BC9CEB8-8B4A-11D0-8D11-00A0C91BC942}") = "SVAF", "SVAF\SVAF.vcxproj", "{C6494107-21B7-4005-99E3-155964E3E205}"
EndProject
Project("{8BC9CEB8-8B4A-11D0-8D11-00A0C91BC942}") = "AcfDetect", "AcfDetect\AcfDetect.vcxproj", "{390DFC90-7118-4E1D-AD8F-B76A8E41AD99}"
EndProject
Project("{8BC9CEB8-8B4A-11D0-8D11-00A0C91BC942}") = "CameraLibrary", "CameraLibrary\CameraLibrary.vcxproj", "{81329625-D03E-446D-9848-0E23E2319A25}"
EndProject
Project("{8BC9CEB8-8B4A-11D0-8D11-00A0C91BC942}") = "SurfDetect", "SurfDetect\SurfDetect.vcxproj", "{4FCA159D-A857-4BCD-B052-6C108501A830}"
EndProject
Project("{8BC9CEB8-8B4A-11D0-8D11-00A0C91BC942}") = "SuperPixelSegment", "SuperPixelSegment\SuperPixelSegment.vcxproj", "{CB32A6C3-D090-42EF-935C-BB2332BFCD61}"
EndProject
Project("{8BC9CEB8-8B4A-11D0-8D11-00A0C91BC942}") = "MilTrack", "MilTrack\MilTrack.vcxproj", "{83A15BE9-89AB-4F94-91F8-083334F93009}"
EndProject
Project("{8BC9CEB8-8B4A-11D0-8D11-00A0C91BC942}") = "PointCloudRegistration", "PointCloudRegistration\PointCloudRegistration.vcxproj", "{44D4113C-1806-4A6F-9578-200569594D31}"
EndProject
Global
	GlobalSection(SolutionConfigurationPlatforms) = preSolution
		Debug|Mixed Platforms = Debug|Mixed Platforms
		Debug|Win32 = Debug|Win32
		Debug|x64 = Debug|x64
		Release|Mixed Platforms = Release|Mixed Platforms
		Release|Win32 = Release|Win32
		Release|x64 = Release|x64
	EndGlobalSection
	GlobalSection(ProjectConfigurationPlatforms) = postSolution
		{C6494107-21B7-4005-99E3-155964E3E205}.Debug|Mixed Platforms.ActiveCfg = Debug|Win32
		{C6494107-21B7-4005-99E3-155964E3E205}.Debug|Mixed Platforms.Build.0 = Debug|Win32
		{C6494107-21B7-4005-99E3-155964E3E205}.Debug|Win32.ActiveCfg = Debug|Win32
		{C6494107-21B7-4005-99E3-155964E3E205}.Debug|Win32.Build.0 = Debug|Win32
		{C6494107-21B7-4005-99E3-155964E3E205}.Debug|x64.ActiveCfg = Debug|x64
		{C6494107-21B7-4005-99E3-155964E3E205}.Debug|x64.Build.0 = Debug|x64
		{C6494107-21B7-4005-99E3-155964E3E205}.Release|Mixed Platforms.ActiveCfg = Release|Win32
		{C6494107-21B7-4005-99E3-155964E3E205}.Release|Mixed Platforms.Build.0 = Release|Win32
		{C6494107-21B7-4005-99E3-155964E3E205}.Release|Win32.ActiveCfg = Release|Win32
		{C6494107-21B7-4005-99E3-155964E3E205}.Release|Win32.Build.0 = Release|Win32
		{C6494107-21B7-4005-99E3-155964E3E205}.Release|x64.ActiveCfg = Release|x64
		{C6494107-21B7-4005-99E3-155964E3E205}.Release|x64.Build.0 = Release|x64
		{390DFC90-7118-4E1D-AD8F-B76A8E41AD99}.Debug|Mixed Platforms.ActiveCfg = Debug|Win32
		{390DFC90-7118-4E1D-AD8F-B76A8E41AD99}.Debug|Mixed Platforms.Build.0 = Debug|Win32
		{390DFC90-7118-4E1D-AD8F-B76A8E41AD99}.Debug|Win32.ActiveCfg = Debug|Win32
		{390DFC90-7118-4E1D-AD8F-B76A8E41AD99}.Debug|Win32.Build.0 = Debug|Win32
		{390DFC90-7118-4E1D-AD8F-B76A8E41AD99}.Debug|x64.ActiveCfg = Debug|Win32
		{390DFC90-7118-4E1D-AD8F-B76A8E41AD99}.Release|Mixed Platforms.ActiveCfg = Release|Win32
		{390DFC90-7118-4E1D-AD8F-B76A8E41AD99}.Release|Mixed Platforms.Build.0 = Release|Win32
		{390DFC90-7118-4E1D-AD8F-B76A8E41AD99}.Release|Win32.ActiveCfg = Release|Win32
		{390DFC90-7118-4E1D-AD8F-B76A8E41AD99}.Release|Win32.Build.0 = Release|Win32
		{390DFC90-7118-4E1D-AD8F-B76A8E41AD99}.Release|x64.ActiveCfg = Release|Win32
		{81329625-D03E-446D-9848-0E23E2319A25}.Debug|Mixed Platforms.ActiveCfg = Debug|Win32
		{81329625-D03E-446D-9848-0E23E2319A25}.Debug|Mixed Platforms.Build.0 = Debug|Win32
		{81329625-D03E-446D-9848-0E23E2319A25}.Debug|Win32.ActiveCfg = Debug|Win32
		{81329625-D03E-446D-9848-0E23E2319A25}.Debug|Win32.Build.0 = Debug|Win32
		{81329625-D03E-446D-9848-0E23E2319A25}.Debug|x64.ActiveCfg = Debug|Win32
		{81329625-D03E-446D-9848-0E23E2319A25}.Release|Mixed Platforms.ActiveCfg = Release|Win32
		{81329625-D03E-446D-9848-0E23E2319A25}.Release|Mixed Platforms.Build.0 = Release|Win32
		{81329625-D03E-446D-9848-0E23E2319A25}.Release|Win32.ActiveCfg = Release|Win32
		{81329625-D03E-446D-9848-0E23E2319A25}.Release|Win32.Build.0 = Release|Win32
		{81329625-D03E-446D-9848-0E23E2319A25}.Release|x64.ActiveCfg = Release|Win32
		{4FCA159D-A857-4BCD-B052-6C108501A830}.Debug|Mixed Platforms.ActiveCfg = Debug|Win32
		{4FCA159D-A857-4BCD-B052-6C108501A830}.Debug|Mixed Platforms.Build.0 = Debug|Win32
		{4FCA159D-A857-4BCD-B052-6C108501A830}.Debug|Win32.ActiveCfg = Debug|Win32
		{4FCA159D-A857-4BCD-B052-6C108501A830}.Debug|Win32.Build.0 = Debug|Win32
		{4FCA159D-A857-4BCD-B052-6C108501A830}.Debug|x64.ActiveCfg = Debug|Win32
		{4FCA159D-A857-4BCD-B052-6C108501A830}.Release|Mixed Platforms.ActiveCfg = Release|Win32
		{4FCA159D-A857-4BCD-B052-6C108501A830}.Release|Mixed Platforms.Build.0 = Release|Win32
		{4FCA159D-A857-4BCD-B052-6C108501A830}.Release|Win32.ActiveCfg = Release|Win32
		{4FCA159D-A857-4BCD-B052-6C108501A830}.Release|Win32.Build.0 = Release|Win32
		{4FCA159D-A857-4BCD-B052-6C108501A830}.Release|x64.ActiveCfg = Release|x64
		{4FCA159D-A857-4BCD-B052-6C108501A830}.Release|x64.Build.0 = Release|x64
		{CB32A6C3-D090-42EF-935C-BB2332BFCD61}.Debug|Mixed Platforms.ActiveCfg = Debug|Win32
		{CB32A6C3-D090-42EF-935C-BB2332BFCD61}.Debug|Mixed Platforms.Build.0 = Debug|Win32
		{CB32A6C3-D090-42EF-935C-BB2332BFCD61}.Debug|Win32.ActiveCfg = Debug|Win32
		{CB32A6C3-D090-42EF-935C-BB2332BFCD61}.Debug|Win32.Build.0 = Debug|Win32
		{CB32A6C3-D090-42EF-935C-BB2332BFCD61}.Debug|x64.ActiveCfg = Debug|Win32
		{CB32A6C3-D090-42EF-935C-BB2332BFCD61}.Release|Mixed Platforms.ActiveCfg = Release|Win32
		{CB32A6C3-D090-42EF-935C-BB2332BFCD61}.Release|Mixed Platforms.Build.0 = Release|Win32
		{CB32A6C3-D090-42EF-935C-BB2332BFCD61}.Release|Win32.ActiveCfg = Release|Win32
		{CB32A6C3-D090-42EF-935C-BB2332BFCD61}.Release|Win32.Build.0 = Release|Win32
		{CB32A6C3-D090-42EF-935C-BB2332BFCD61}.Release|x64.ActiveCfg = Release|Win32
		{83A15BE9-89AB-4F94-91F8-083334F93009}.Debug|Mixed Platforms.ActiveCfg = Debug|Win32
		{83A15BE9-89AB-4F94-91F8-083334F93009}.Debug|Mixed Platforms.Build.0 = Debug|Win32
		{83A15BE9-89AB-4F94-91F8-083334F93009}.Debug|Win32.ActiveCfg = Debug|Win32
		{83A15BE9-89AB-4F94-91F8-083334F93009}.Debug|Win32.Build.0 = Debug|Win32
		{83A15BE9-89AB-4F94-91F8-083334F93009}.Debug|x64.ActiveCfg = Debug|Win32
		{83A15BE9-89AB-4F94-91F8-083334F93009}.Release|Mixed Platforms.ActiveCfg = Release|Win32
		{83A15BE9-89AB-4F94-91F8-083334F93009}.Release|Mixed Platforms.Build.0 = Release|Win32
		{83A15BE9-89AB-4F94-91F8-083334F93009}.Release|Win32.ActiveCfg = Release|Win32
		{83A15BE9-89AB-4F94-91F8-083334F93009}.Release|Win32.Build.0 = Release|Win32
		{83A15BE9-89AB-4F94-91F8-083334F93009}.Release|x64.ActiveCfg = Release|Win32
		{44D4113C-1806-4A6F-9578-200569594D31}.Debug|Mixed Platforms.ActiveCfg = Debug|Win32
		{44D4113C-1806-4A6F-9578-200569594D31}.Debug|Mixed Platforms.Build.0 = Debug|Win32
		{44D4113C-1806-4A6F-9578-200569594D31}.Debug|Win32.ActiveCfg = Debug|Win32
		{44D4113C-1806-4A6F-9578-200569594D31}.Debug|Win32.Build.0 = Debug|Win32
		{44D4113C-1806-4A6F-9578-200569594D31}.Debug|x64.ActiveCfg = Debug|x64
		{44D4113C-1806-4A6F-9578-200569594D31}.Release|Mixed Platforms.ActiveCfg = Release|Win32
		{44D4113C-1806-4A6F-9578-200569594D31}.Release|Mixed Platforms.Build.0 = Release|Win32
		{44D4113C-1806-4A6F-9578-200569594D31}.Release|Win32.ActiveCfg = Release|Win32
		{44D4113C-1806-4A6F-9578-200569594D31}.Release|Win32.Build.0 = Release|Win32
		{44D4113C-1806-4A6F-9578-200569594D31}.Release|x64.ActiveCfg = Release|Win32
	EndGlobalSection
	GlobalSection(SolutionProperties) = preSolution
		HideSolutionNode = FALSE
	EndGlobalSection
EndGlobal
